
Microsoft Visual Studio Solution File, Format Version 12.00
# Visual Studio Version 17
VisualStudioVersion = 17.7.34018.315
MinimumVisualStudioVersion = 10.0.40219.1
Project("{8BC9CEB8-8B4A-11D0-8D11-00A0C91BC942}") = "P9-1.1", "P9-1.1\P9-1.1.vcxproj", "{E0B16C07-83C9-42CE-8A4F-D4DB2E0CCE55}"
EndProject
Global
	GlobalSection(SolutionConfigurationPlatforms) = preSolution
		Debug|x64 = Debug|x64
		Debug|x86 = Debug|x86
		Release|x64 = Release|x64
		Release|x86 = Release|x86
	EndGlobalSection
	GlobalSection(ProjectConfigurationPlatforms) = postSolution
		{E0B16C07-83C9-42CE-8A4F-D4DB2E0CCE55}.Debug|x64.ActiveCfg = Debug|x64
		{E0B16C07-83C9-42CE-8A4F-D4DB2E0CCE55}.Debug|x64.Build.0 = Debug|x64
		{E0B16C07-83C9-42CE-8A4F-D4DB2E0CCE55}.Debug|x86.ActiveCfg = Debug|Win32
		{E0B16C07-83C9-42CE-8A4F-D4DB2E0CCE55}.Debug|x86.Build.0 = Debug|Win32
		{E0B16C07-83C9-42CE-8A4F-D4DB2E0CCE55}.Release|x64.ActiveCfg = Release|x64
		{E0B16C07-83C9-42CE-8A4F-D4DB2E0CCE55}.Release|x64.Build.0 = Release|x64
		{E0B16C07-83C9-42CE-8A4F-D4DB2E0CCE55}.Release|x86.ActiveCfg = Release|Win32
		{E0B16C07-83C9-42CE-8A4F-D4DB2E0CCE55}.Release|x86.Build.0 = Release|Win32
	EndGlobalSection
	GlobalSection(SolutionProperties) = preSolution
		HideSolutionNode = FALSE
	EndGlobalSection
	GlobalSection(ExtensibilityGlobals) = postSolution
		SolutionGuid = {E3B9A084-96BD-4E18-BDE9-1C1C1E5C360C}
	EndGlobalSection
EndGlobal
